
Microsoft Visual Studio Solution File, Format Version 11.00
# Visual Studio 2010
Project("{FAE04EC0-301F-11D3-BF4B-00C04F79EFBC}") = "goma_recorder.Midity.Runtime", "goma_recorder.Midity.Runtime.csproj", "{368aa5d9-0770-c28f-58a4-110b4ba533b1}"
EndProject
Project("{FAE04EC0-301F-11D3-BF4B-00C04F79EFBC}") = "goma_recorder.Midity.Playable.Runtime", "goma_recorder.Midity.Playable.Runtime.csproj", "{b04b4146-3a55-a980-53e9-8746cd05b73e}"
EndProject
Project("{FAE04EC0-301F-11D3-BF4B-00C04F79EFBC}") = "goma_recorder.Midity.Playable.Editor", "goma_recorder.Midity.Playable.Editor.csproj", "{fd37505d-cd9e-8c5b-1f2b-80709b9c9b8f}"
EndProject
Global
	GlobalSection(SolutionConfigurationPlatforms) = preSolution
		Debug|Any CPU = Debug|Any CPU
		Release|Any CPU = Release|Any CPU
	EndGlobalSection
	GlobalSection(ProjectConfigurationPlatforms) = postSolution
		{368aa5d9-0770-c28f-58a4-110b4ba533b1}.Debug|Any CPU.ActiveCfg = Debug|Any CPU
		{368aa5d9-0770-c28f-58a4-110b4ba533b1}.Debug|Any CPU.Build.0 = Debug|Any CPU
		{368aa5d9-0770-c28f-58a4-110b4ba533b1}.Release|Any CPU.ActiveCfg = Release|Any CPU
		{368aa5d9-0770-c28f-58a4-110b4ba533b1}.Release|Any CPU.Build.0 = Release|Any CPU
		{b04b4146-3a55-a980-53e9-8746cd05b73e}.Debug|Any CPU.ActiveCfg = Debug|Any CPU
		{b04b4146-3a55-a980-53e9-8746cd05b73e}.Debug|Any CPU.Build.0 = Debug|Any CPU
		{b04b4146-3a55-a980-53e9-8746cd05b73e}.Release|Any CPU.ActiveCfg = Release|Any CPU
		{b04b4146-3a55-a980-53e9-8746cd05b73e}.Release|Any CPU.Build.0 = Release|Any CPU
		{fd37505d-cd9e-8c5b-1f2b-80709b9c9b8f}.Debug|Any CPU.ActiveCfg = Debug|Any CPU
		{fd37505d-cd9e-8c5b-1f2b-80709b9c9b8f}.Debug|Any CPU.Build.0 = Debug|Any CPU
		{fd37505d-cd9e-8c5b-1f2b-80709b9c9b8f}.Release|Any CPU.ActiveCfg = Release|Any CPU
		{fd37505d-cd9e-8c5b-1f2b-80709b9c9b8f}.Release|Any CPU.Build.0 = Release|Any CPU
	EndGlobalSection
	GlobalSection(SolutionProperties) = preSolution
		HideSolutionNode = FALSE
	EndGlobalSection
EndGlobal
